
Microsoft Visual Studio Solution File, Format Version 12.00
# Visual Studio Version 17
VisualStudioVersion = 17.10.34916.146
MinimumVisualStudioVersion = 10.0.40219.1
Project("{9A19103F-16F7-4668-BE54-9A1E7A4F7556}") = "Lesson1", "Lesson1\Lesson1.csproj", "{3DCB825A-0F46-471A-9DE1-5465F99E4CEB}"
EndProject
Project("{9A19103F-16F7-4668-BE54-9A1E7A4F7556}") = "Lesson2", "Lesson2\Lesson2.csproj", "{897B8728-8BD9-4F0E-95A1-FB64BF9009BD}"
EndProject
Project("{9A19103F-16F7-4668-BE54-9A1E7A4F7556}") = "Lesson3", "Lesson3\Lesson3.csproj", "{194AB22C-7483-4DA8-974F-3CF084C8192D}"
EndProject
Project("{9A19103F-16F7-4668-BE54-9A1E7A4F7556}") = "Methods", "Methods\Methods.csproj", "{B3EEF0C2-DB35-4D2D-ADC8-A842DA00B2D7}"
EndProject
Project("{9A19103F-16F7-4668-BE54-9A1E7A4F7556}") = "Lesson4", "Lesson4\Lesson4.csproj", "{4912EDC6-8233-4561-B247-0025932D8987}"
EndProject
Project("{9A19103F-16F7-4668-BE54-9A1E7A4F7556}") = "Lesson5", "Lesson5\Lesson5.csproj", "{B3BE4D3F-4C98-4347-9C5D-764E139A842A}"
EndProject
Project("{9A19103F-16F7-4668-BE54-9A1E7A4F7556}") = "Lesson6", "Lesson6\Lesson6.csproj", "{2E0DBE80-7290-4982-8A2D-BD64EC974A69}"
EndProject
Project("{9A19103F-16F7-4668-BE54-9A1E7A4F7556}") = "Lesson7", "Lesson7\Lesson7.csproj", "{FDF2187F-D1B1-41EA-ADF5-95CCF488919B}"
EndProject
Project("{9A19103F-16F7-4668-BE54-9A1E7A4F7556}") = "Lesson8", "Lesson8\Lesson8.csproj", "{0A673B16-58A6-4337-84EF-0A549E712333}"
EndProject
Project("{9A19103F-16F7-4668-BE54-9A1E7A4F7556}") = "Stack of train objects", "Stack of train objects\Stack of train objects.csproj", "{290A2F12-757A-4FA3-85A2-8423E834245D}"
EndProject
Project("{FAE04EC0-301F-11D3-BF4B-00C04F79EFBC}") = "Lesson9", "Lesson9\Lesson9.csproj", "{2BA24ABF-67D9-42C7-B69A-A698626135E4}"
EndProject
Global
	GlobalSection(SolutionConfigurationPlatforms) = preSolution
		Debug|Any CPU = Debug|Any CPU
		Release|Any CPU = Release|Any CPU
	EndGlobalSection
	GlobalSection(ProjectConfigurationPlatforms) = postSolution
		{3DCB825A-0F46-471A-9DE1-5465F99E4CEB}.Debug|Any CPU.ActiveCfg = Debug|Any CPU
		{3DCB825A-0F46-471A-9DE1-5465F99E4CEB}.Debug|Any CPU.Build.0 = Debug|Any CPU
		{3DCB825A-0F46-471A-9DE1-5465F99E4CEB}.Release|Any CPU.ActiveCfg = Release|Any CPU
		{3DCB825A-0F46-471A-9DE1-5465F99E4CEB}.Release|Any CPU.Build.0 = Release|Any CPU
		{897B8728-8BD9-4F0E-95A1-FB64BF9009BD}.Debug|Any CPU.ActiveCfg = Debug|Any CPU
		{897B8728-8BD9-4F0E-95A1-FB64BF9009BD}.Debug|Any CPU.Build.0 = Debug|Any CPU
		{897B8728-8BD9-4F0E-95A1-FB64BF9009BD}.Release|Any CPU.ActiveCfg = Release|Any CPU
		{897B8728-8BD9-4F0E-95A1-FB64BF9009BD}.Release|Any CPU.Build.0 = Release|Any CPU
		{194AB22C-7483-4DA8-974F-3CF084C8192D}.Debug|Any CPU.ActiveCfg = Debug|Any CPU
		{194AB22C-7483-4DA8-974F-3CF084C8192D}.Debug|Any CPU.Build.0 = Debug|Any CPU
		{194AB22C-7483-4DA8-974F-3CF084C8192D}.Release|Any CPU.ActiveCfg = Release|Any CPU
		{194AB22C-7483-4DA8-974F-3CF084C8192D}.Release|Any CPU.Build.0 = Release|Any CPU
		{B3EEF0C2-DB35-4D2D-ADC8-A842DA00B2D7}.Debug|Any CPU.ActiveCfg = Debug|Any CPU
		{B3EEF0C2-DB35-4D2D-ADC8-A842DA00B2D7}.Debug|Any CPU.Build.0 = Debug|Any CPU
		{B3EEF0C2-DB35-4D2D-ADC8-A842DA00B2D7}.Release|Any CPU.ActiveCfg = Release|Any CPU
		{B3EEF0C2-DB35-4D2D-ADC8-A842DA00B2D7}.Release|Any CPU.Build.0 = Release|Any CPU
		{4912EDC6-8233-4561-B247-0025932D8987}.Debug|Any CPU.ActiveCfg = Debug|Any CPU
		{4912EDC6-8233-4561-B247-0025932D8987}.Debug|Any CPU.Build.0 = Debug|Any CPU
		{4912EDC6-8233-4561-B247-0025932D8987}.Release|Any CPU.ActiveCfg = Release|Any CPU
		{4912EDC6-8233-4561-B247-0025932D8987}.Release|Any CPU.Build.0 = Release|Any CPU
		{B3BE4D3F-4C98-4347-9C5D-764E139A842A}.Debug|Any CPU.ActiveCfg = Debug|Any CPU
		{B3BE4D3F-4C98-4347-9C5D-764E139A842A}.Debug|Any CPU.Build.0 = Debug|Any CPU
		{B3BE4D3F-4C98-4347-9C5D-764E139A842A}.Release|Any CPU.ActiveCfg = Release|Any CPU
		{B3BE4D3F-4C98-4347-9C5D-764E139A842A}.Release|Any CPU.Build.0 = Release|Any CPU
		{2E0DBE80-7290-4982-8A2D-BD64EC974A69}.Debug|Any CPU.ActiveCfg = Debug|Any CPU
		{2E0DBE80-7290-4982-8A2D-BD64EC974A69}.Debug|Any CPU.Build.0 = Debug|Any CPU
		{2E0DBE80-7290-4982-8A2D-BD64EC974A69}.Release|Any CPU.ActiveCfg = Release|Any CPU
		{2E0DBE80-7290-4982-8A2D-BD64EC974A69}.Release|Any CPU.Build.0 = Release|Any CPU
		{FDF2187F-D1B1-41EA-ADF5-95CCF488919B}.Debug|Any CPU.ActiveCfg = Debug|Any CPU
		{FDF2187F-D1B1-41EA-ADF5-95CCF488919B}.Debug|Any CPU.Build.0 = Debug|Any CPU
		{FDF2187F-D1B1-41EA-ADF5-95CCF488919B}.Release|Any CPU.ActiveCfg = Release|Any CPU
		{FDF2187F-D1B1-41EA-ADF5-95CCF488919B}.Release|Any CPU.Build.0 = Release|Any CPU
		{0A673B16-58A6-4337-84EF-0A549E712333}.Debug|Any CPU.ActiveCfg = Debug|Any CPU
		{0A673B16-58A6-4337-84EF-0A549E712333}.Debug|Any CPU.Build.0 = Debug|Any CPU
		{0A673B16-58A6-4337-84EF-0A549E712333}.Release|Any CPU.ActiveCfg = Release|Any CPU
		{0A673B16-58A6-4337-84EF-0A549E712333}.Release|Any CPU.Build.0 = Release|Any CPU
		{290A2F12-757A-4FA3-85A2-8423E834245D}.Debug|Any CPU.ActiveCfg = Debug|Any CPU
		{290A2F12-757A-4FA3-85A2-8423E834245D}.Debug|Any CPU.Build.0 = Debug|Any CPU
		{290A2F12-757A-4FA3-85A2-8423E834245D}.Release|Any CPU.ActiveCfg = Release|Any CPU
		{290A2F12-757A-4FA3-85A2-8423E834245D}.Release|Any CPU.Build.0 = Release|Any CPU
		{2BA24ABF-67D9-42C7-B69A-A698626135E4}.Debug|Any CPU.ActiveCfg = Debug|Any CPU
		{2BA24ABF-67D9-42C7-B69A-A698626135E4}.Debug|Any CPU.Build.0 = Debug|Any CPU
		{2BA24ABF-67D9-42C7-B69A-A698626135E4}.Release|Any CPU.ActiveCfg = Release|Any CPU
		{2BA24ABF-67D9-42C7-B69A-A698626135E4}.Release|Any CPU.Build.0 = Release|Any CPU
	EndGlobalSection
	GlobalSection(SolutionProperties) = preSolution
		HideSolutionNode = FALSE
	EndGlobalSection
	GlobalSection(ExtensibilityGlobals) = postSolution
		SolutionGuid = {458B488C-3272-4991-B9FA-DA313D4FEA1B}
	EndGlobalSection
EndGlobal
